
Microsoft Visual Studio Solution File, Format Version 12.00
# Visual Studio Version 16
VisualStudioVersion = 16.0.30621.155
MinimumVisualStudioVersion = 10.0.40219.1
Project("{FAE04EC0-301F-11D3-BF4B-00C04F79EFBC}") = "SteeringWheelInformationBridge", "SteeringWheelInformationBridge\SteeringWheelInformationBridge.csproj", "{06F71CD4-2826-4DA8-8937-4129B18788BF}"
EndProject
Global
	GlobalSection(SolutionConfigurationPlatforms) = preSolution
		Debug|Any CPU = Debug|Any CPU
		Release|Any CPU = Release|Any CPU
	EndGlobalSection
	GlobalSection(ProjectConfigurationPlatforms) = postSolution
		{06F71CD4-2826-4DA8-8937-4129B18788BF}.Debug|Any CPU.ActiveCfg = Debug|Any CPU
		{06F71CD4-2826-4DA8-8937-4129B18788BF}.Debug|Any CPU.Build.0 = Debug|Any CPU
		{06F71CD4-2826-4DA8-8937-4129B18788BF}.Release|Any CPU.ActiveCfg = Release|Any CPU
		{06F71CD4-2826-4DA8-8937-4129B18788BF}.Release|Any CPU.Build.0 = Release|Any CPU
	EndGlobalSection
	GlobalSection(SolutionProperties) = preSolution
		HideSolutionNode = FALSE
	EndGlobalSection
	GlobalSection(ExtensibilityGlobals) = postSolution
		SolutionGuid = {F86EB92B-D2F0-4545-95EC-1D1A636A52D1}
	EndGlobalSection
EndGlobal
